
Microsoft Visual Studio Solution File, Format Version 12.00
# Visual Studio Version 16
VisualStudioVersion = 16.0.31410.357
MinimumVisualStudioVersion = 10.0.40219.1
Project("{FAE04EC0-301F-11D3-BF4B-00C04F79EFBC}") = "xadrez-console", "xadrez-console\xadrez-console.csproj", "{AA9E9B53-608E-4FB0-8713-8AD901BE0DDA}"
EndProject
Global
	GlobalSection(SolutionConfigurationPlatforms) = preSolution
		Debug|Any CPU = Debug|Any CPU
		Release|Any CPU = Release|Any CPU
	EndGlobalSection
	GlobalSection(ProjectConfigurationPlatforms) = postSolution
		{AA9E9B53-608E-4FB0-8713-8AD901BE0DDA}.Debug|Any CPU.ActiveCfg = Debug|Any CPU
		{AA9E9B53-608E-4FB0-8713-8AD901BE0DDA}.Debug|Any CPU.Build.0 = Debug|Any CPU
		{AA9E9B53-608E-4FB0-8713-8AD901BE0DDA}.Release|Any CPU.ActiveCfg = Release|Any CPU
		{AA9E9B53-608E-4FB0-8713-8AD901BE0DDA}.Release|Any CPU.Build.0 = Release|Any CPU
	EndGlobalSection
	GlobalSection(SolutionProperties) = preSolution
		HideSolutionNode = FALSE
	EndGlobalSection
	GlobalSection(ExtensibilityGlobals) = postSolution
		SolutionGuid = {685925D3-AB54-4787-9A20-0CD4FA5771A2}
	EndGlobalSection
EndGlobal
